
Microsoft Visual Studio Solution File, Format Version 12.00
# Visual Studio 15
VisualStudioVersion = 15.0.28307.329
MinimumVisualStudioVersion = 10.0.40219.1
Project("{FAE04EC0-301F-11D3-BF4B-00C04F79EFBC}") = "Class 3_25_2019", "Class 3_25_2019\Class 3_25_2019.csproj", "{C6FEF4A2-B32A-40F3-8ECB-E1BA6DFC3703}"
EndProject
Global
	GlobalSection(SolutionConfigurationPlatforms) = preSolution
		Debug|Any CPU = Debug|Any CPU
		Release|Any CPU = Release|Any CPU
	EndGlobalSection
	GlobalSection(ProjectConfigurationPlatforms) = postSolution
		{C6FEF4A2-B32A-40F3-8ECB-E1BA6DFC3703}.Debug|Any CPU.ActiveCfg = Debug|Any CPU
		{C6FEF4A2-B32A-40F3-8ECB-E1BA6DFC3703}.Debug|Any CPU.Build.0 = Debug|Any CPU
		{C6FEF4A2-B32A-40F3-8ECB-E1BA6DFC3703}.Release|Any CPU.ActiveCfg = Release|Any CPU
		{C6FEF4A2-B32A-40F3-8ECB-E1BA6DFC3703}.Release|Any CPU.Build.0 = Release|Any CPU
	EndGlobalSection
	GlobalSection(SolutionProperties) = preSolution
		HideSolutionNode = FALSE
	EndGlobalSection
	GlobalSection(ExtensibilityGlobals) = postSolution
		SolutionGuid = {38B2615E-166A-4713-84AF-AA94163F64CC}
	EndGlobalSection
EndGlobal
